
Microsoft Visual Studio Solution File, Format Version 12.00
# Visual Studio Version 17
VisualStudioVersion = 17.3.32804.467
MinimumVisualStudioVersion = 10.0.40219.1
Project("{9A19103F-16F7-4668-BE54-9A1E7A4F7556}") = "BookStore.Domain", "src\BookStore.Domain\BookStore.Domain.csproj", "{84A309D2-F63D-4EF0-8746-C2F648652A00}"
EndProject
Project("{9A19103F-16F7-4668-BE54-9A1E7A4F7556}") = "BookStore.Infrastructure", "src\BookStore.Infrastructure\BookStore.Infrastructure.csproj", "{9B3CAEB7-EBE1-45D5-8D42-D81ECF14CC65}"
EndProject
Project("{9A19103F-16F7-4668-BE54-9A1E7A4F7556}") = "BookStore.WebApi", "src\BookStore.WebApi\BookStore.WebApi.csproj", "{05647CBB-2581-40D4-837F-98C3180CA2C4}"
EndProject
Global
	GlobalSection(SolutionConfigurationPlatforms) = preSolution
		Debug|Any CPU = Debug|Any CPU
		Release|Any CPU = Release|Any CPU
	EndGlobalSection
	GlobalSection(ProjectConfigurationPlatforms) = postSolution
		{84A309D2-F63D-4EF0-8746-C2F648652A00}.Debug|Any CPU.ActiveCfg = Debug|Any CPU
		{84A309D2-F63D-4EF0-8746-C2F648652A00}.Debug|Any CPU.Build.0 = Debug|Any CPU
		{84A309D2-F63D-4EF0-8746-C2F648652A00}.Release|Any CPU.ActiveCfg = Release|Any CPU
		{84A309D2-F63D-4EF0-8746-C2F648652A00}.Release|Any CPU.Build.0 = Release|Any CPU
		{9B3CAEB7-EBE1-45D5-8D42-D81ECF14CC65}.Debug|Any CPU.ActiveCfg = Debug|Any CPU
		{9B3CAEB7-EBE1-45D5-8D42-D81ECF14CC65}.Debug|Any CPU.Build.0 = Debug|Any CPU
		{9B3CAEB7-EBE1-45D5-8D42-D81ECF14CC65}.Release|Any CPU.ActiveCfg = Release|Any CPU
		{9B3CAEB7-EBE1-45D5-8D42-D81ECF14CC65}.Release|Any CPU.Build.0 = Release|Any CPU
		{05647CBB-2581-40D4-837F-98C3180CA2C4}.Debug|Any CPU.ActiveCfg = Debug|Any CPU
		{05647CBB-2581-40D4-837F-98C3180CA2C4}.Debug|Any CPU.Build.0 = Debug|Any CPU
		{05647CBB-2581-40D4-837F-98C3180CA2C4}.Release|Any CPU.ActiveCfg = Release|Any CPU
		{05647CBB-2581-40D4-837F-98C3180CA2C4}.Release|Any CPU.Build.0 = Release|Any CPU
	EndGlobalSection
	GlobalSection(SolutionProperties) = preSolution
		HideSolutionNode = FALSE
	EndGlobalSection
	GlobalSection(ExtensibilityGlobals) = postSolution
		SolutionGuid = {A2BADA72-AE12-438E-B570-E651573BC3B2}
	EndGlobalSection
EndGlobal
